{
    "_readme": [
        "This file locks the dependencies of your project to a known state",
        "Read more about it at https://getcomposer.org/doc/01-basic-usage.md#installing-dependencies",
        "This file is @generated automatically"
    ],
    "content-hash": "b00842ff96e3874eb5628c80ae18f6ce",
    "packages": [
        {
            "name": "badges/poser",
            "version": "v3.1.0",
            "source": {
                "type": "git",
                "url": "https://github.com/badges/poser.git",
                "reference": "6bc1998ad98e10ad7d16f2b0784a286c105d7991"
            },
            "dist": {
                "type": "zip",
                "url": "https://api.github.com/repos/badges/poser/zipball/6bc1998ad98e10ad7d16f2b0784a286c105d7991",
                "reference": "6bc1998ad98e10ad7d16f2b0784a286c105d7991",
                "shasum": ""
            },
            "require": {
                "cybercog/php-svg-font": "^1.0",
                "ext-gd": "*",
                "ext-simplexml": "*",
                "kartsims/easysvg": "^2.5",
                "php": "^8.1",
                "symfony/console": "^5.0 || ^6.0 || ^7.0"
            },
            "require-dev": {
                "behat/behat": "^3.13",
                "friends-of-phpspec/phpspec-code-coverage": "^6.3",
                "friendsofphp/php-cs-fixer": "^3.41",
                "moave/phpspec-data-provider-extension": "dev-feat/add-compatibility-to-php80",
                "phpspec/phpspec": "^7.4",
                "vimeo/psalm": "^4.30"
            },
            "bin": [
                "bin/poser"
            ],
            "type": "lib",
            "extra": {
                "branch-alias": {
                    "dev-master": "2.x-dev"
                }
            },
            "autoload": {
                "psr-4": {
                    "PUGX\\Poser\\": "src/"
                }
            },
            "notification-url": "https://packagist.org/downloads/",
            "license": [
                "MIT"
            ],
            "authors": [
                {
                    "name": "Giulio De Donato",
                    "email": "liuggio@gmail.com"
                },
                {
                    "name": "PUGX Community",
                    "homepage": "https://github.com/PUGX/badge-poser/contributors"
                },
                {
                    "name": "Shields Community",
                    "homepage": "https://github.com/badges/poser/contributors"
                }
            ],
            "description": "Poser, add badges on your readme..",
            "homepage": "https://github.com/PUGX",
            "keywords": [
                "badge",
                "composer",
                "packagist",
                "pin"
            ],
            "support": {
                "issues": "https://github.com/badges/poser/issues",
                "source": "https://github.com/badges/poser/tree/v3.1.0"
            },
            "funding": [
                {
                    "url": "https://paypal.com/cgi-bin/webscr?cmd=_s-xclick&hosted_button_id=ETT4JRJARLTSC",
                    "type": "custom"
                },
                {
                    "url": "https://github.com/AlessandroMinoccheri",
                    "type": "github"
                },
                {
                    "url": "https://github.com/JellyBellyDev",
                    "type": "github"
                }
            ],
            "time": "2024-01-06T18:14:09+00:00"
        },
        {
            "name": "cybercog/php-svg-font",
            "version": "1.0.0",
            "source": {
                "type": "git",
                "url": "https://github.com/cybercog/php-svg-font.git",
                "reference": "f453a62f22d82c90bb547679bd6b60edded7a8d6"
            },
            "dist": {
                "type": "zip",
                "url": "https://api.github.com/repos/cybercog/php-svg-font/zipball/f453a62f22d82c90bb547679bd6b60edded7a8d6",
                "reference": "f453a62f22d82c90bb547679bd6b60edded7a8d6",
                "shasum": ""
            },
            "require": {
                "cybercog/php-unicode": "^1.0",
                "php": "^8.1"
            },
            "require-dev": {
                "ext-simplexml": "*",
                "phpunit/phpunit": "^10.5"
            },
            "suggest": {
                "ext-simplexml": "*"
            },
            "type": "library",
            "autoload": {
                "psr-4": {
                    "Cog\\SvgFont\\": "src/"
                }
            },
            "notification-url": "https://packagist.org/downloads/",
            "license": [
                "MIT"
            ],
            "authors": [
                {
                    "name": "Anton Komarev",
                    "email": "anton@komarev.com",
                    "homepage": "https://komarev.com",
                    "role": "Developer"
                }
            ],
            "description": "PHP SVG font parser",
            "keywords": [
                "font",
                "glyph",
                "svg",
                "typography"
            ],
            "support": {
                "issues": "https://github.com/cybercog/php-svg-font/issues",
                "source": "https://github.com/cybercog/php-svg-font/tree/1.0.0"
            },
            "funding": [
                {
                    "url": "https://paypal.me/antonkomarev",
                    "type": "custom"
                }
            ],
            "time": "2024-01-04T13:05:54+00:00"
        },
        {
            "name": "cybercog/php-unicode",
            "version": "1.0.0",
            "source": {
                "type": "git",
                "url": "https://github.com/cybercog/php-unicode.git",
                "reference": "553aeaa8175236cdbf2ca8419e517b249635ad3a"
            },
            "dist": {
                "type": "zip",
                "url": "https://api.github.com/repos/cybercog/php-unicode/zipball/553aeaa8175236cdbf2ca8419e517b249635ad3a",
                "reference": "553aeaa8175236cdbf2ca8419e517b249635ad3a",
                "shasum": ""
            },
            "require": {
                "ext-mbstring": "*",
                "php": "^8.1"
            },
            "require-dev": {
                "phpunit/phpunit": "^10.5"
            },
            "type": "library",
            "autoload": {
                "psr-4": {
                    "Cog\\Unicode\\": "src/"
                }
            },
            "notification-url": "https://packagist.org/downloads/",
            "license": [
                "MIT"
            ],
            "authors": [
                {
                    "name": "Anton Komarev",
                    "email": "anton@komarev.com",
                    "homepage": "https://komarev.com",
                    "role": "Developer"
                }
            ],
            "description": "PHP Unicode library",
            "keywords": [
                "character",
                "code-point",
                "cog",
                "composite-character",
                "emoji",
                "html-entity",
                "symbol",
                "unicode",
                "xml-entity"
            ],
            "support": {
                "issues": "https://github.com/cybercog/php-unicode/issues",
                "source": "https://github.com/cybercog/php-unicode/tree/1.0.0"
            },
            "funding": [
                {
                    "url": "https://paypal.me/antonkomarev",
                    "type": "custom"
                }
            ],
            "time": "2024-01-04T12:58:15+00:00"
        },
        {
            "name": "graham-campbell/result-type",
            "version": "v1.1.2",
            "source": {
                "type": "git",
                "url": "https://github.com/GrahamCampbell/Result-Type.git",
                "reference": "fbd48bce38f73f8a4ec8583362e732e4095e5862"
            },
            "dist": {
                "type": "zip",
                "url": "https://api.github.com/repos/GrahamCampbell/Result-Type/zipball/fbd48bce38f73f8a4ec8583362e732e4095e5862",
                "reference": "fbd48bce38f73f8a4ec8583362e732e4095e5862",
                "shasum": ""
            },
            "require": {
                "php": "^7.2.5 || ^8.0",
                "phpoption/phpoption": "^1.9.2"
            },
            "require-dev": {
                "phpunit/phpunit": "^8.5.34 || ^9.6.13 || ^10.4.2"
            },
            "type": "library",
            "autoload": {
                "psr-4": {
                    "GrahamCampbell\\ResultType\\": "src/"
                }
            },
            "notification-url": "https://packagist.org/downloads/",
            "license": [
                "MIT"
            ],
            "authors": [
                {
                    "name": "Graham Campbell",
                    "email": "hello@gjcampbell.co.uk",
                    "homepage": "https://github.com/GrahamCampbell"
                }
            ],
            "description": "An Implementation Of The Result Type",
            "keywords": [
                "Graham Campbell",
                "GrahamCampbell",
                "Result Type",
                "Result-Type",
                "result"
            ],
            "support": {
                "issues": "https://github.com/GrahamCampbell/Result-Type/issues",
                "source": "https://github.com/GrahamCampbell/Result-Type/tree/v1.1.2"
            },
            "funding": [
                {
                    "url": "https://github.com/GrahamCampbell",
                    "type": "github"
                },
                {
                    "url": "https://tidelift.com/funding/github/packagist/graham-campbell/result-type",
                    "type": "tidelift"
                }
            ],
            "time": "2023-11-12T22:16:48+00:00"
        },
        {
            "name": "kartsims/easysvg",
            "version": "2.5",
            "source": {
                "type": "git",
                "url": "https://github.com/kartsims/easysvg.git",
                "reference": "496a59871a92f3bc20a0b44cf22ce669719a4151"
            },
            "dist": {
                "type": "zip",
                "url": "https://api.github.com/repos/kartsims/easysvg/zipball/496a59871a92f3bc20a0b44cf22ce669719a4151",
                "reference": "496a59871a92f3bc20a0b44cf22ce669719a4151",
                "shasum": ""
            },
            "require": {
                "ext-simplexml": "*",
                "ext-xmlreader": "*",
                "php": ">=7.4.0"
            },
            "require-dev": {
                "friendsofphp/php-cs-fixer": "^3.5"
            },
            "type": "library",
            "autoload": {
                "classmap": [
                    "src/"
                ]
            },
            "notification-url": "https://packagist.org/downloads/",
            "license": [
                "MIT"
            ],
            "authors": [
                {
                    "name": "Simon Tarchichi",
                    "email": "kartsims@gmail.com"
                }
            ],
            "description": "PHP library to generate SVG XML",
            "homepage": "https://github.com/kartsims/easysvg",
            "support": {
                "issues": "https://github.com/kartsims/easysvg/issues",
                "source": "https://github.com/kartsims/easysvg/tree/master"
            },
            "time": "2023-03-31T08:58:00+00:00"
        },
        {
            "name": "phpoption/phpoption",
            "version": "1.9.2",
            "source": {
                "type": "git",
                "url": "https://github.com/schmittjoh/php-option.git",
                "reference": "80735db690fe4fc5c76dfa7f9b770634285fa820"
            },
            "dist": {
                "type": "zip",
                "url": "https://api.github.com/repos/schmittjoh/php-option/zipball/80735db690fe4fc5c76dfa7f9b770634285fa820",
                "reference": "80735db690fe4fc5c76dfa7f9b770634285fa820",
                "shasum": ""
            },
            "require": {
                "php": "^7.2.5 || ^8.0"
            },
            "require-dev": {
                "bamarni/composer-bin-plugin": "^1.8.2",
                "phpunit/phpunit": "^8.5.34 || ^9.6.13 || ^10.4.2"
            },
            "type": "library",
            "extra": {
                "bamarni-bin": {
                    "bin-links": true,
                    "forward-command": true
                },
                "branch-alias": {
                    "dev-master": "1.9-dev"
                }
            },
            "autoload": {
                "psr-4": {
                    "PhpOption\\": "src/PhpOption/"
                }
            },
            "notification-url": "https://packagist.org/downloads/",
            "license": [
                "Apache-2.0"
            ],
            "authors": [
                {
                    "name": "Johannes M. Schmitt",
                    "email": "schmittjoh@gmail.com",
                    "homepage": "https://github.com/schmittjoh"
                },
                {
                    "name": "Graham Campbell",
                    "email": "hello@gjcampbell.co.uk",
                    "homepage": "https://github.com/GrahamCampbell"
                }
            ],
            "description": "Option Type for PHP",
            "keywords": [
                "language",
                "option",
                "php",
                "type"
            ],
            "support": {
                "issues": "https://github.com/schmittjoh/php-option/issues",
                "source": "https://github.com/schmittjoh/php-option/tree/1.9.2"
            },
            "funding": [
                {
                    "url": "https://github.com/GrahamCampbell",
                    "type": "github"
                },
                {
                    "url": "https://tidelift.com/funding/github/packagist/phpoption/phpoption",
                    "type": "tidelift"
                }
            ],
            "time": "2023-11-12T21:59:55+00:00"
        },
        {
            "name": "psr/container",
            "version": "2.0.2",
            "source": {
                "type": "git",
                "url": "https://github.com/php-fig/container.git",
                "reference": "c71ecc56dfe541dbd90c5360474fbc405f8d5963"
            },
            "dist": {
                "type": "zip",
                "url": "https://api.github.com/repos/php-fig/container/zipball/c71ecc56dfe541dbd90c5360474fbc405f8d5963",
                "reference": "c71ecc56dfe541dbd90c5360474fbc405f8d5963",
                "shasum": ""
            },
            "require": {
                "php": ">=7.4.0"
            },
            "type": "library",
            "extra": {
                "branch-alias": {
                    "dev-master": "2.0.x-dev"
                }
            },
            "autoload": {
                "psr-4": {
                    "Psr\\Container\\": "src/"
                }
            },
            "notification-url": "https://packagist.org/downloads/",
            "license": [
                "MIT"
            ],
            "authors": [
                {
                    "name": "PHP-FIG",
                    "homepage": "https://www.php-fig.org/"
                }
            ],
            "description": "Common Container Interface (PHP FIG PSR-11)",
            "homepage": "https://github.com/php-fig/container",
            "keywords": [
                "PSR-11",
                "container",
                "container-interface",
                "container-interop",
                "psr"
            ],
            "support": {
                "issues": "https://github.com/php-fig/container/issues",
                "source": "https://github.com/php-fig/container/tree/2.0.2"
            },
            "time": "2021-11-05T16:47:00+00:00"
        },
        {
            "name": "symfony/console",
            "version": "v7.0.2",
            "source": {
                "type": "git",
                "url": "https://github.com/symfony/console.git",
                "reference": "f8587c4cdc5acad67af71c37db34ef03af91e59c"
            },
            "dist": {
                "type": "zip",
                "url": "https://api.github.com/repos/symfony/console/zipball/f8587c4cdc5acad67af71c37db34ef03af91e59c",
                "reference": "f8587c4cdc5acad67af71c37db34ef03af91e59c",
                "shasum": ""
            },
            "require": {
                "php": ">=8.2",
                "symfony/polyfill-mbstring": "~1.0",
                "symfony/service-contracts": "^2.5|^3",
                "symfony/string": "^6.4|^7.0"
            },
            "conflict": {
                "symfony/dependency-injection": "<6.4",
                "symfony/dotenv": "<6.4",
                "symfony/event-dispatcher": "<6.4",
                "symfony/lock": "<6.4",
                "symfony/process": "<6.4"
            },
            "provide": {
                "psr/log-implementation": "1.0|2.0|3.0"
            },
            "require-dev": {
                "psr/log": "^1|^2|^3",
                "symfony/config": "^6.4|^7.0",
                "symfony/dependency-injection": "^6.4|^7.0",
                "symfony/event-dispatcher": "^6.4|^7.0",
                "symfony/http-foundation": "^6.4|^7.0",
                "symfony/http-kernel": "^6.4|^7.0",
                "symfony/lock": "^6.4|^7.0",
                "symfony/messenger": "^6.4|^7.0",
                "symfony/process": "^6.4|^7.0",
                "symfony/stopwatch": "^6.4|^7.0",
                "symfony/var-dumper": "^6.4|^7.0"
            },
            "type": "library",
            "autoload": {
                "psr-4": {
                    "Symfony\\Component\\Console\\": ""
                },
                "exclude-from-classmap": [
                    "/Tests/"
                ]
            },
            "notification-url": "https://packagist.org/downloads/",
            "license": [
                "MIT"
            ],
            "authors": [
                {
                    "name": "Fabien Potencier",
                    "email": "fabien@symfony.com"
                },
                {
                    "name": "Symfony Community",
                    "homepage": "https://symfony.com/contributors"
                }
            ],
            "description": "Eases the creation of beautiful and testable command line interfaces",
            "homepage": "https://symfony.com",
            "keywords": [
                "cli",
                "command-line",
                "console",
                "terminal"
            ],
            "support": {
                "source": "https://github.com/symfony/console/tree/v7.0.2"
            },
            "funding": [
                {
                    "url": "https://symfony.com/sponsor",
                    "type": "custom"
                },
                {
                    "url": "https://github.com/fabpot",
                    "type": "github"
                },
                {
                    "url": "https://tidelift.com/funding/github/packagist/symfony/symfony",
                    "type": "tidelift"
                }
            ],
            "time": "2023-12-10T16:54:46+00:00"
        },
        {
            "name": "symfony/polyfill-ctype",
            "version": "v1.28.0",
            "source": {
                "type": "git",
                "url": "https://github.com/symfony/polyfill-ctype.git",
                "reference": "ea208ce43cbb04af6867b4fdddb1bdbf84cc28cb"
            },
            "dist": {
                "type": "zip",
                "url": "https://api.github.com/repos/symfony/polyfill-ctype/zipball/ea208ce43cbb04af6867b4fdddb1bdbf84cc28cb",
                "reference": "ea208ce43cbb04af6867b4fdddb1bdbf84cc28cb",
                "shasum": ""
            },
            "require": {
                "php": ">=7.1"
            },
            "provide": {
                "ext-ctype": "*"
            },
            "suggest": {
                "ext-ctype": "For best performance"
            },
            "type": "library",
            "extra": {
                "branch-alias": {
                    "dev-main": "1.28-dev"
                },
                "thanks": {
                    "name": "symfony/polyfill",
                    "url": "https://github.com/symfony/polyfill"
                }
            },
            "autoload": {
                "files": [
                    "bootstrap.php"
                ],
                "psr-4": {
                    "Symfony\\Polyfill\\Ctype\\": ""
                }
            },
            "notification-url": "https://packagist.org/downloads/",
            "license": [
                "MIT"
            ],
            "authors": [
                {
                    "name": "Gert de Pagter",
                    "email": "BackEndTea@gmail.com"
                },
                {
                    "name": "Symfony Community",
                    "homepage": "https://symfony.com/contributors"
                }
            ],
            "description": "Symfony polyfill for ctype functions",
            "homepage": "https://symfony.com",
            "keywords": [
                "compatibility",
                "ctype",
                "polyfill",
                "portable"
            ],
            "support": {
                "source": "https://github.com/symfony/polyfill-ctype/tree/v1.28.0"
            },
            "funding": [
                {
                    "url": "https://symfony.com/sponsor",
                    "type": "custom"
                },
                {
                    "url": "https://github.com/fabpot",
                    "type": "github"
                },
                {
                    "url": "https://tidelift.com/funding/github/packagist/symfony/symfony",
                    "type": "tidelift"
                }
            ],
            "time": "2023-01-26T09:26:14+00:00"
        },
        {
            "name": "symfony/polyfill-intl-grapheme",
            "version": "v1.28.0",
            "source": {
                "type": "git",
                "url": "https://github.com/symfony/polyfill-intl-grapheme.git",
                "reference": "875e90aeea2777b6f135677f618529449334a612"
            },
            "dist": {
                "type": "zip",
                "url": "https://api.github.com/repos/symfony/polyfill-intl-grapheme/zipball/875e90aeea2777b6f135677f618529449334a612",
                "reference": "875e90aeea2777b6f135677f618529449334a612",
                "shasum": ""
            },
            "require": {
                "php": ">=7.1"
            },
            "suggest": {
                "ext-intl": "For best performance"
            },
            "type": "library",
            "extra": {
                "branch-alias": {
                    "dev-main": "1.28-dev"
                },
                "thanks": {
                    "name": "symfony/polyfill",
                    "url": "https://github.com/symfony/polyfill"
                }
            },
            "autoload": {
                "files": [
                    "bootstrap.php"
                ],
                "psr-4": {
                    "Symfony\\Polyfill\\Intl\\Grapheme\\": ""
                }
            },
            "notification-url": "https://packagist.org/downloads/",
            "license": [
                "MIT"
            ],
            "authors": [
                {
                    "name": "Nicolas Grekas",
                    "email": "p@tchwork.com"
                },
                {
                    "name": "Symfony Community",
                    "homepage": "https://symfony.com/contributors"
                }
            ],
            "description": "Symfony polyfill for intl's grapheme_* functions",
            "homepage": "https://symfony.com",
            "keywords": [
                "compatibility",
                "grapheme",
                "intl",
                "polyfill",
                "portable",
                "shim"
            ],
            "support": {
                "source": "https://github.com/symfony/polyfill-intl-grapheme/tree/v1.28.0"
            },
            "funding": [
                {
                    "url": "https://symfony.com/sponsor",
                    "type": "custom"
                },
                {
                    "url": "https://github.com/fabpot",
                    "type": "github"
                },
                {
                    "url": "https://tidelift.com/funding/github/packagist/symfony/symfony",
                    "type": "tidelift"
                }
            ],
            "time": "2023-01-26T09:26:14+00:00"
        },
        {
            "name": "symfony/polyfill-intl-normalizer",
            "version": "v1.28.0",
            "source": {
                "type": "git",
                "url": "https://github.com/symfony/polyfill-intl-normalizer.git",
                "reference": "8c4ad05dd0120b6a53c1ca374dca2ad0a1c4ed92"
            },
            "dist": {
                "type": "zip",
                "url": "https://api.github.com/repos/symfony/polyfill-intl-normalizer/zipball/8c4ad05dd0120b6a53c1ca374dca2ad0a1c4ed92",
                "reference": "8c4ad05dd0120b6a53c1ca374dca2ad0a1c4ed92",
                "shasum": ""
            },
            "require": {
                "php": ">=7.1"
            },
            "suggest": {
                "ext-intl": "For best performance"
            },
            "type": "library",
            "extra": {
                "branch-alias": {
                    "dev-main": "1.28-dev"
                },
                "thanks": {
                    "name": "symfony/polyfill",
                    "url": "https://github.com/symfony/polyfill"
                }
            },
            "autoload": {
                "files": [
                    "bootstrap.php"
                ],
                "psr-4": {
                    "Symfony\\Polyfill\\Intl\\Normalizer\\": ""
                },
                "classmap": [
                    "Resources/stubs"
                ]
            },
            "notification-url": "https://packagist.org/downloads/",
            "license": [
                "MIT"
            ],
            "authors": [
                {
                    "name": "Nicolas Grekas",
                    "email": "p@tchwork.com"
                },
                {
                    "name": "Symfony Community",
                    "homepage": "https://symfony.com/contributors"
                }
            ],
            "description": "Symfony polyfill for intl's Normalizer class and related functions",
            "homepage": "https://symfony.com",
            "keywords": [
                "compatibility",
                "intl",
                "normalizer",
                "polyfill",
                "portable",
                "shim"
            ],
            "support": {
                "source": "https://github.com/symfony/polyfill-intl-normalizer/tree/v1.28.0"
            },
            "funding": [
                {
                    "url": "https://symfony.com/sponsor",
                    "type": "custom"
                },
                {
                    "url": "https://github.com/fabpot",
                    "type": "github"
                },
                {
                    "url": "https://tidelift.com/funding/github/packagist/symfony/symfony",
                    "type": "tidelift"
                }
            ],
            "time": "2023-01-26T09:26:14+00:00"
        },
        {
            "name": "symfony/polyfill-mbstring",
            "version": "v1.28.0",
            "source": {
                "type": "git",
                "url": "https://github.com/symfony/polyfill-mbstring.git",
                "reference": "42292d99c55abe617799667f454222c54c60e229"
            },
            "dist": {
                "type": "zip",
                "url": "https://api.github.com/repos/symfony/polyfill-mbstring/zipball/42292d99c55abe617799667f454222c54c60e229",
                "reference": "42292d99c55abe617799667f454222c54c60e229",
                "shasum": ""
            },
            "require": {
                "php": ">=7.1"
            },
            "provide": {
                "ext-mbstring": "*"
            },
            "suggest": {
                "ext-mbstring": "For best performance"
            },
            "type": "library",
            "extra": {
                "branch-alias": {
                    "dev-main": "1.28-dev"
                },
                "thanks": {
                    "name": "symfony/polyfill",
                    "url": "https://github.com/symfony/polyfill"
                }
            },
            "autoload": {
                "files": [
                    "bootstrap.php"
                ],
                "psr-4": {
                    "Symfony\\Polyfill\\Mbstring\\": ""
                }
            },
            "notification-url": "https://packagist.org/downloads/",
            "license": [
                "MIT"
            ],
            "authors": [
                {
                    "name": "Nicolas Grekas",
                    "email": "p@tchwork.com"
                },
                {
                    "name": "Symfony Community",
                    "homepage": "https://symfony.com/contributors"
                }
            ],
            "description": "Symfony polyfill for the Mbstring extension",
            "homepage": "https://symfony.com",
            "keywords": [
                "compatibility",
                "mbstring",
                "polyfill",
                "portable",
                "shim"
            ],
            "support": {
                "source": "https://github.com/symfony/polyfill-mbstring/tree/v1.28.0"
            },
            "funding": [
                {
                    "url": "https://symfony.com/sponsor",
                    "type": "custom"
                },
                {
                    "url": "https://github.com/fabpot",
                    "type": "github"
                },
                {
                    "url": "https://tidelift.com/funding/github/packagist/symfony/symfony",
                    "type": "tidelift"
                }
            ],
            "time": "2023-07-28T09:04:16+00:00"
        },
        {
            "name": "symfony/polyfill-php80",
            "version": "v1.28.0",
            "source": {
                "type": "git",
                "url": "https://github.com/symfony/polyfill-php80.git",
                "reference": "6caa57379c4aec19c0a12a38b59b26487dcfe4b5"
            },
            "dist": {
                "type": "zip",
                "url": "https://api.github.com/repos/symfony/polyfill-php80/zipball/6caa57379c4aec19c0a12a38b59b26487dcfe4b5",
                "reference": "6caa57379c4aec19c0a12a38b59b26487dcfe4b5",
                "shasum": ""
            },
            "require": {
                "php": ">=7.1"
            },
            "type": "library",
            "extra": {
                "branch-alias": {
                    "dev-main": "1.28-dev"
                },
                "thanks": {
                    "name": "symfony/polyfill",
                    "url": "https://github.com/symfony/polyfill"
                }
            },
            "autoload": {
                "files": [
                    "bootstrap.php"
                ],
                "psr-4": {
                    "Symfony\\Polyfill\\Php80\\": ""
                },
                "classmap": [
                    "Resources/stubs"
                ]
            },
            "notification-url": "https://packagist.org/downloads/",
            "license": [
                "MIT"
            ],
            "authors": [
                {
                    "name": "Ion Bazan",
                    "email": "ion.bazan@gmail.com"
                },
                {
                    "name": "Nicolas Grekas",
                    "email": "p@tchwork.com"
                },
                {
                    "name": "Symfony Community",
                    "homepage": "https://symfony.com/contributors"
                }
            ],
            "description": "Symfony polyfill backporting some PHP 8.0+ features to lower PHP versions",
            "homepage": "https://symfony.com",
            "keywords": [
                "compatibility",
                "polyfill",
                "portable",
                "shim"
            ],
            "support": {
                "source": "https://github.com/symfony/polyfill-php80/tree/v1.28.0"
            },
            "funding": [
                {
                    "url": "https://symfony.com/sponsor",
                    "type": "custom"
                },
                {
                    "url": "https://github.com/fabpot",
                    "type": "github"
                },
                {
                    "url": "https://tidelift.com/funding/github/packagist/symfony/symfony",
                    "type": "tidelift"
                }
            ],
            "time": "2023-01-26T09:26:14+00:00"
        },
        {
            "name": "symfony/service-contracts",
            "version": "v3.4.1",
            "source": {
                "type": "git",
                "url": "https://github.com/symfony/service-contracts.git",
                "reference": "fe07cbc8d837f60caf7018068e350cc5163681a0"
            },
            "dist": {
                "type": "zip",
                "url": "https://api.github.com/repos/symfony/service-contracts/zipball/fe07cbc8d837f60caf7018068e350cc5163681a0",
                "reference": "fe07cbc8d837f60caf7018068e350cc5163681a0",
                "shasum": ""
            },
            "require": {
                "php": ">=8.1",
                "psr/container": "^1.1|^2.0"
            },
            "conflict": {
                "ext-psr": "<1.1|>=2"
            },
            "type": "library",
            "extra": {
                "branch-alias": {
                    "dev-main": "3.4-dev"
                },
                "thanks": {
                    "name": "symfony/contracts",
                    "url": "https://github.com/symfony/contracts"
                }
            },
            "autoload": {
                "psr-4": {
                    "Symfony\\Contracts\\Service\\": ""
                },
                "exclude-from-classmap": [
                    "/Test/"
                ]
            },
            "notification-url": "https://packagist.org/downloads/",
            "license": [
                "MIT"
            ],
            "authors": [
                {
                    "name": "Nicolas Grekas",
                    "email": "p@tchwork.com"
                },
                {
                    "name": "Symfony Community",
                    "homepage": "https://symfony.com/contributors"
                }
            ],
            "description": "Generic abstractions related to writing services",
            "homepage": "https://symfony.com",
            "keywords": [
                "abstractions",
                "contracts",
                "decoupling",
                "interfaces",
                "interoperability",
                "standards"
            ],
            "support": {
                "source": "https://github.com/symfony/service-contracts/tree/v3.4.1"
            },
            "funding": [
                {
                    "url": "https://symfony.com/sponsor",
                    "type": "custom"
                },
                {
                    "url": "https://github.com/fabpot",
                    "type": "github"
                },
                {
                    "url": "https://tidelift.com/funding/github/packagist/symfony/symfony",
                    "type": "tidelift"
                }
            ],
            "time": "2023-12-26T14:02:43+00:00"
        },
        {
            "name": "symfony/string",
            "version": "v7.0.2",
            "source": {
                "type": "git",
                "url": "https://github.com/symfony/string.git",
                "reference": "cc78f14f91f5e53b42044d0620961c48028ff9f5"
            },
            "dist": {
                "type": "zip",
                "url": "https://api.github.com/repos/symfony/string/zipball/cc78f14f91f5e53b42044d0620961c48028ff9f5",
                "reference": "cc78f14f91f5e53b42044d0620961c48028ff9f5",
                "shasum": ""
            },
            "require": {
                "php": ">=8.2",
                "symfony/polyfill-ctype": "~1.8",
                "symfony/polyfill-intl-grapheme": "~1.0",
                "symfony/polyfill-intl-normalizer": "~1.0",
                "symfony/polyfill-mbstring": "~1.0"
            },
            "conflict": {
                "symfony/translation-contracts": "<2.5"
            },
            "require-dev": {
                "symfony/error-handler": "^6.4|^7.0",
                "symfony/http-client": "^6.4|^7.0",
                "symfony/intl": "^6.4|^7.0",
                "symfony/translation-contracts": "^2.5|^3.0",
                "symfony/var-exporter": "^6.4|^7.0"
            },
            "type": "library",
            "autoload": {
                "files": [
                    "Resources/functions.php"
                ],
                "psr-4": {
                    "Symfony\\Component\\String\\": ""
                },
                "exclude-from-classmap": [
                    "/Tests/"
                ]
            },
            "notification-url": "https://packagist.org/downloads/",
            "license": [
                "MIT"
            ],
            "authors": [
                {
                    "name": "Nicolas Grekas",
                    "email": "p@tchwork.com"
                },
                {
                    "name": "Symfony Community",
                    "homepage": "https://symfony.com/contributors"
                }
            ],
            "description": "Provides an object-oriented API to strings and deals with bytes, UTF-8 code points and grapheme clusters in a unified way",
            "homepage": "https://symfony.com",
            "keywords": [
                "grapheme",
                "i18n",
                "string",
                "unicode",
                "utf-8",
                "utf8"
            ],
            "support": {
                "source": "https://github.com/symfony/string/tree/v7.0.2"
            },
            "funding": [
                {
                    "url": "https://symfony.com/sponsor",
                    "type": "custom"
                },
                {
                    "url": "https://github.com/fabpot",
                    "type": "github"
                },
                {
                    "url": "https://tidelift.com/funding/github/packagist/symfony/symfony",
                    "type": "tidelift"
                }
            ],
            "time": "2023-12-10T16:54:46+00:00"
        },
        {
            "name": "vlucas/phpdotenv",
            "version": "v5.6.0",
            "source": {
                "type": "git",
                "url": "https://github.com/vlucas/phpdotenv.git",
                "reference": "2cf9fb6054c2bb1d59d1f3817706ecdb9d2934c4"
            },
            "dist": {
                "type": "zip",
                "url": "https://api.github.com/repos/vlucas/phpdotenv/zipball/2cf9fb6054c2bb1d59d1f3817706ecdb9d2934c4",
                "reference": "2cf9fb6054c2bb1d59d1f3817706ecdb9d2934c4",
                "shasum": ""
            },
            "require": {
                "ext-pcre": "*",
                "graham-campbell/result-type": "^1.1.2",
                "php": "^7.2.5 || ^8.0",
                "phpoption/phpoption": "^1.9.2",
                "symfony/polyfill-ctype": "^1.24",
                "symfony/polyfill-mbstring": "^1.24",
                "symfony/polyfill-php80": "^1.24"
            },
            "require-dev": {
                "bamarni/composer-bin-plugin": "^1.8.2",
                "ext-filter": "*",
                "phpunit/phpunit": "^8.5.34 || ^9.6.13 || ^10.4.2"
            },
            "suggest": {
                "ext-filter": "Required to use the boolean validator."
            },
            "type": "library",
            "extra": {
                "bamarni-bin": {
                    "bin-links": true,
                    "forward-command": true
                },
                "branch-alias": {
                    "dev-master": "5.6-dev"
                }
            },
            "autoload": {
                "psr-4": {
                    "Dotenv\\": "src/"
                }
            },
            "notification-url": "https://packagist.org/downloads/",
            "license": [
                "BSD-3-Clause"
            ],
            "authors": [
                {
                    "name": "Graham Campbell",
                    "email": "hello@gjcampbell.co.uk",
                    "homepage": "https://github.com/GrahamCampbell"
                },
                {
                    "name": "Vance Lucas",
                    "email": "vance@vancelucas.com",
                    "homepage": "https://github.com/vlucas"
                }
            ],
            "description": "Loads environment variables from `.env` to `getenv()`, `$_ENV` and `$_SERVER` automagically.",
            "keywords": [
                "dotenv",
                "env",
                "environment"
            ],
            "support": {
                "issues": "https://github.com/vlucas/phpdotenv/issues",
                "source": "https://github.com/vlucas/phpdotenv/tree/v5.6.0"
            },
            "funding": [
                {
                    "url": "https://github.com/GrahamCampbell",
                    "type": "github"
                },
                {
                    "url": "https://tidelift.com/funding/github/packagist/vlucas/phpdotenv",
                    "type": "tidelift"
                }
            ],
            "time": "2023-11-12T22:43:29+00:00"
        },
        {
            "name": "webmozart/assert",
            "version": "1.11.0",
            "source": {
                "type": "git",
                "url": "https://github.com/webmozarts/assert.git",
                "reference": "11cb2199493b2f8a3b53e7f19068fc6aac760991"
            },
            "dist": {
                "type": "zip",
                "url": "https://api.github.com/repos/webmozarts/assert/zipball/11cb2199493b2f8a3b53e7f19068fc6aac760991",
                "reference": "11cb2199493b2f8a3b53e7f19068fc6aac760991",
                "shasum": ""
            },
            "require": {
                "ext-ctype": "*",
                "php": "^7.2 || ^8.0"
            },
            "conflict": {
                "phpstan/phpstan": "<0.12.20",
                "vimeo/psalm": "<4.6.1 || 4.6.2"
            },
            "require-dev": {
                "phpunit/phpunit": "^8.5.13"
            },
            "type": "library",
            "extra": {
                "branch-alias": {
                    "dev-master": "1.10-dev"
                }
            },
            "autoload": {
                "psr-4": {
                    "Webmozart\\Assert\\": "src/"
                }
            },
            "notification-url": "https://packagist.org/downloads/",
            "license": [
                "MIT"
            ],
            "authors": [
                {
                    "name": "Bernhard Schussek",
                    "email": "bschussek@gmail.com"
                }
            ],
            "description": "Assertions to validate method input/output with nice error messages.",
            "keywords": [
                "assert",
                "check",
                "validate"
            ],
            "support": {
                "issues": "https://github.com/webmozarts/assert/issues",
                "source": "https://github.com/webmozarts/assert/tree/1.11.0"
            },
            "time": "2022-06-03T18:03:27+00:00"
        }
    ],
    "packages-dev": [],
    "aliases": [],
    "minimum-stability": "dev",
    "stability-flags": [],
    "prefer-stable": true,
    "prefer-lowest": false,
    "platform": {
        "php": "^8.1"
    },
    "platform-dev": [],
    "plugin-api-version": "2.6.0"
}
